
Microsoft Visual Studio Solution File, Format Version 11.00
# Visual Studio 2010
Project("{FAE04EC0-301F-11D3-BF4B-00C04F79EFBC}") = "Assembly-CSharp", "Assembly-CSharp.csproj", "{FD1A2B36-ED3F-2124-18AF-31FEAFF2801E}"
EndProject
Project("{FAE04EC0-301F-11D3-BF4B-00C04F79EFBC}") = "Unity.2DPlatformer.Tutorials", "Unity.2DPlatformer.Tutorials.csproj", "{F008841A-44C8-B2C8-381E-7BA943495DC7}"
EndProject
Project("{FAE04EC0-301F-11D3-BF4B-00C04F79EFBC}") = "Unity.Platformer.Tutorials", "Unity.Platformer.Tutorials.csproj", "{4A63B2E1-4666-0920-4C40-E250D9AD7B03}"
EndProject
Project("{FAE04EC0-301F-11D3-BF4B-00C04F79EFBC}") = "Assembly-CSharp-Editor", "Assembly-CSharp-Editor.csproj", "{936DAEED-F6DC-E92E-BE48-B8A61B99B0AC}"
EndProject
Global
	GlobalSection(SolutionConfigurationPlatforms) = preSolution
		Debug|Any CPU = Debug|Any CPU
		Release|Any CPU = Release|Any CPU
	EndGlobalSection
	GlobalSection(ProjectConfigurationPlatforms) = postSolution
		{FD1A2B36-ED3F-2124-18AF-31FEAFF2801E}.Debug|Any CPU.ActiveCfg = Debug|Any CPU
		{FD1A2B36-ED3F-2124-18AF-31FEAFF2801E}.Debug|Any CPU.Build.0 = Debug|Any CPU
		{FD1A2B36-ED3F-2124-18AF-31FEAFF2801E}.Release|Any CPU.ActiveCfg = Release|Any CPU
		{FD1A2B36-ED3F-2124-18AF-31FEAFF2801E}.Release|Any CPU.Build.0 = Release|Any CPU
		{F008841A-44C8-B2C8-381E-7BA943495DC7}.Debug|Any CPU.ActiveCfg = Debug|Any CPU
		{F008841A-44C8-B2C8-381E-7BA943495DC7}.Debug|Any CPU.Build.0 = Debug|Any CPU
		{F008841A-44C8-B2C8-381E-7BA943495DC7}.Release|Any CPU.ActiveCfg = Release|Any CPU
		{F008841A-44C8-B2C8-381E-7BA943495DC7}.Release|Any CPU.Build.0 = Release|Any CPU
		{4A63B2E1-4666-0920-4C40-E250D9AD7B03}.Debug|Any CPU.ActiveCfg = Debug|Any CPU
		{4A63B2E1-4666-0920-4C40-E250D9AD7B03}.Debug|Any CPU.Build.0 = Debug|Any CPU
		{4A63B2E1-4666-0920-4C40-E250D9AD7B03}.Release|Any CPU.ActiveCfg = Release|Any CPU
		{4A63B2E1-4666-0920-4C40-E250D9AD7B03}.Release|Any CPU.Build.0 = Release|Any CPU
		{936DAEED-F6DC-E92E-BE48-B8A61B99B0AC}.Debug|Any CPU.ActiveCfg = Debug|Any CPU
		{936DAEED-F6DC-E92E-BE48-B8A61B99B0AC}.Debug|Any CPU.Build.0 = Debug|Any CPU
		{936DAEED-F6DC-E92E-BE48-B8A61B99B0AC}.Release|Any CPU.ActiveCfg = Release|Any CPU
		{936DAEED-F6DC-E92E-BE48-B8A61B99B0AC}.Release|Any CPU.Build.0 = Release|Any CPU
	EndGlobalSection
	GlobalSection(SolutionProperties) = preSolution
		HideSolutionNode = FALSE
	EndGlobalSection
EndGlobal
